// !$*UTF8*$!
{
	archiveVersion = 1;
	classes = {
	};
	objectVersion = 46;
	objects = {

/* Begin PBXBuildFile section */
		A31D3F39174650BB00FC398B /* SetCard.m in Sources */ = {isa = PBXBuildFile; fileRef = A31D3F38174650BB00FC398B /* SetCard.m */; };
		A31D3F3C1746673A00FC398B /* PlayingCardViewController.m in Sources */ = {isa = PBXBuildFile; fileRef = A31D3F3B1746673A00FC398B /* PlayingCardViewController.m */; };
		A327E6B8174C982000036294 /* SetCardCollectionViewCell.m in Sources */ = {isa = PBXBuildFile; fileRef = A327E6B7174C982000036294 /* SetCardCollectionViewCell.m */; };
		A371347F1747753500FCC1A8 /* GameResult.m in Sources */ = {isa = PBXBuildFile; fileRef = A371347E1747753500FCC1A8 /* GameResult.m */; };
		A3713481174963F300FCC1A8 /* square_30x30.png in Resources */ = {isa = PBXBuildFile; fileRef = A3713480174963F300FCC1A8 /* square_30x30.png */; };
		A37134831749640000FCC1A8 /* spade_30x30.png in Resources */ = {isa = PBXBuildFile; fileRef = A37134821749640000FCC1A8 /* spade_30x30.png */; };
		A37134871749676600FCC1A8 /* PlayingCardView.m in Sources */ = {isa = PBXBuildFile; fileRef = A37134851749676600FCC1A8 /* PlayingCardView.m */; };
		A37134881749676600FCC1A8 /* cardback.png in Resources */ = {isa = PBXBuildFile; fileRef = A37134861749676600FCC1A8 /* cardback.png */; };
		A37134A2174967E800FCC1A8 /* J♠.jpg in Resources */ = {isa = PBXBuildFile; fileRef = A371348A174967E800FCC1A8 /* J♠.jpg */; };
		A37134A3174967E800FCC1A8 /* J♠@2x.jpg in Resources */ = {isa = PBXBuildFile; fileRef = A371348B174967E800FCC1A8 /* J♠@2x.jpg */; };
		A37134A4174967E800FCC1A8 /* J♣.jpg in Resources */ = {isa = PBXBuildFile; fileRef = A371348C174967E800FCC1A8 /* J♣.jpg */; };
		A37134A5174967E800FCC1A8 /* J♣@2x.jpg in Resources */ = {isa = PBXBuildFile; fileRef = A371348D174967E800FCC1A8 /* J♣@2x.jpg */; };
		A37134A6174967E800FCC1A8 /* J♥.jpg in Resources */ = {isa = PBXBuildFile; fileRef = A371348E174967E800FCC1A8 /* J♥.jpg */; };
		A37134A7174967E800FCC1A8 /* J♥@2x.jpg in Resources */ = {isa = PBXBuildFile; fileRef = A371348F174967E800FCC1A8 /* J♥@2x.jpg */; };
		A37134A8174967E800FCC1A8 /* J♦.jpg in Resources */ = {isa = PBXBuildFile; fileRef = A3713490174967E800FCC1A8 /* J♦.jpg */; };
		A37134A9174967E800FCC1A8 /* J♦@2x.jpg in Resources */ = {isa = PBXBuildFile; fileRef = A3713491174967E800FCC1A8 /* J♦@2x.jpg */; };
		A37134AA174967E800FCC1A8 /* K♠.jpg in Resources */ = {isa = PBXBuildFile; fileRef = A3713492174967E800FCC1A8 /* K♠.jpg */; };
		A37134AB174967E800FCC1A8 /* K♠@2x.jpg in Resources */ = {isa = PBXBuildFile; fileRef = A3713493174967E800FCC1A8 /* K♠@2x.jpg */; };
		A37134AC174967E800FCC1A8 /* K♣.jpg in Resources */ = {isa = PBXBuildFile; fileRef = A3713494174967E800FCC1A8 /* K♣.jpg */; };
		A37134AD174967E800FCC1A8 /* K♣@2x.jpg in Resources */ = {isa = PBXBuildFile; fileRef = A3713495174967E800FCC1A8 /* K♣@2x.jpg */; };
		A37134AE174967E800FCC1A8 /* K♥.jpg in Resources */ = {isa = PBXBuildFile; fileRef = A3713496174967E800FCC1A8 /* K♥.jpg */; };
		A37134AF174967E800FCC1A8 /* K♥@2x.jpg in Resources */ = {isa = PBXBuildFile; fileRef = A3713497174967E800FCC1A8 /* K♥@2x.jpg */; };
		A37134B0174967E800FCC1A8 /* K♦.jpg in Resources */ = {isa = PBXBuildFile; fileRef = A3713498174967E800FCC1A8 /* K♦.jpg */; };
		A37134B1174967E800FCC1A8 /* K♦@2x.jpg in Resources */ = {isa = PBXBuildFile; fileRef = A3713499174967E800FCC1A8 /* K♦@2x.jpg */; };
		A37134B2174967E800FCC1A8 /* Q♠.jpg in Resources */ = {isa = PBXBuildFile; fileRef = A371349A174967E800FCC1A8 /* Q♠.jpg */; };
		A37134B3174967E800FCC1A8 /* Q♠@2x.jpg in Resources */ = {isa = PBXBuildFile; fileRef = A371349B174967E800FCC1A8 /* Q♠@2x.jpg */; };
		A37134B4174967E800FCC1A8 /* Q♣.jpg in Resources */ = {isa = PBXBuildFile; fileRef = A371349C174967E800FCC1A8 /* Q♣.jpg */; };
		A37134B5174967E800FCC1A8 /* Q♣@2x.jpg in Resources */ = {isa = PBXBuildFile; fileRef = A371349D174967E800FCC1A8 /* Q♣@2x.jpg */; };
		A37134B6174967E800FCC1A8 /* Q♥.jpg in Resources */ = {isa = PBXBuildFile; fileRef = A371349E174967E800FCC1A8 /* Q♥.jpg */; };
		A37134B7174967E800FCC1A8 /* Q♥@2x.jpg in Resources */ = {isa = PBXBuildFile; fileRef = A371349F174967E800FCC1A8 /* Q♥@2x.jpg */; };
		A37134B8174967E800FCC1A8 /* Q♦.jpg in Resources */ = {isa = PBXBuildFile; fileRef = A37134A0174967E800FCC1A8 /* Q♦.jpg */; };
		A37134B9174967E800FCC1A8 /* Q♦@2x.jpg in Resources */ = {isa = PBXBuildFile; fileRef = A37134A1174967E800FCC1A8 /* Q♦@2x.jpg */; };
		A37134BC174B41E800FCC1A8 /* PlayingCardCollectionViewCell.m in Sources */ = {isa = PBXBuildFile; fileRef = A37134BB174B41E800FCC1A8 /* PlayingCardCollectionViewCell.m */; };
		A39D40941742985200322648 /* SetDeck.m in Sources */ = {isa = PBXBuildFile; fileRef = A39D40931742985200322648 /* SetDeck.m */; };
		A39D40971742A30900322648 /* SetGameViewController.m in Sources */ = {isa = PBXBuildFile; fileRef = A39D40961742A30900322648 /* SetGameViewController.m */; };
		A3AD7A571737A97A0001D3F7 /* CardMatchingGame.m in Sources */ = {isa = PBXBuildFile; fileRef = A3AD7A561737A97A0001D3F7 /* CardMatchingGame.m */; };
		A3AEA4521731637F00D2FA58 /* Deck.m in Sources */ = {isa = PBXBuildFile; fileRef = A3AEA44F1731637F00D2FA58 /* Deck.m */; };
		A3AEA4531731637F00D2FA58 /* PlayingCard.m in Sources */ = {isa = PBXBuildFile; fileRef = A3AEA4511731637F00D2FA58 /* PlayingCard.m */; };
		A3BF0559173D106900116506 /* bag.gif in Resources */ = {isa = PBXBuildFile; fileRef = A3BF0558173D106900116506 /* bag.gif */; };
		A3DBAFE2173110D100CCBBFB /* UIKit.framework in Frameworks */ = {isa = PBXBuildFile; fileRef = A3DBAFE1173110D100CCBBFB /* UIKit.framework */; };
		A3DBAFE4173110D100CCBBFB /* Foundation.framework in Frameworks */ = {isa = PBXBuildFile; fileRef = A3DBAFE3173110D100CCBBFB /* Foundation.framework */; };
		A3DBAFE6173110D100CCBBFB /* CoreGraphics.framework in Frameworks */ = {isa = PBXBuildFile; fileRef = A3DBAFE5173110D100CCBBFB /* CoreGraphics.framework */; };
		A3DBAFEC173110D100CCBBFB /* InfoPlist.strings in Resources */ = {isa = PBXBuildFile; fileRef = A3DBAFEA173110D100CCBBFB /* InfoPlist.strings */; };
		A3DBAFEE173110D100CCBBFB /* main.m in Sources */ = {isa = PBXBuildFile; fileRef = A3DBAFED173110D100CCBBFB /* main.m */; };
		A3DBAFF2173110D100CCBBFB /* CardGameAppDelegate.m in Sources */ = {isa = PBXBuildFile; fileRef = A3DBAFF1173110D100CCBBFB /* CardGameAppDelegate.m */; };
		A3DBAFF4173110D100CCBBFB /* Default.png in Resources */ = {isa = PBXBuildFile; fileRef = A3DBAFF3173110D100CCBBFB /* Default.png */; };
		A3DBAFF6173110D100CCBBFB /* Default@2x.png in Resources */ = {isa = PBXBuildFile; fileRef = A3DBAFF5173110D100CCBBFB /* Default@2x.png */; };
		A3DBAFF8173110D100CCBBFB /* Default-568h@2x.png in Resources */ = {isa = PBXBuildFile; fileRef = A3DBAFF7173110D100CCBBFB /* Default-568h@2x.png */; };
		A3DBAFFB173110D100CCBBFB /* MainStoryboard.storyboard in Resources */ = {isa = PBXBuildFile; fileRef = A3DBAFF9173110D100CCBBFB /* MainStoryboard.storyboard */; };
		A3DBAFFE173110D100CCBBFB /* CardGameViewController.m in Sources */ = {isa = PBXBuildFile; fileRef = A3DBAFFD173110D100CCBBFB /* CardGameViewController.m */; };
		A3DBB006173133E900CCBBFB /* Card.m in Sources */ = {isa = PBXBuildFile; fileRef = A3DBB005173133E900CCBBFB /* Card.m */; };
		A3DBB0161731454D00CCBBFB /* PlayingCardDeck.m in Sources */ = {isa = PBXBuildFile; fileRef = A3DBB0151731454D00CCBBFB /* PlayingCardDeck.m */; };
/* End PBXBuildFile section */

/* Begin PBXFileReference section */
		A31D3F37174650BB00FC398B /* SetCard.h */ = {isa = PBXFileReference; fileEncoding = 4; lastKnownFileType = sourcecode.c.h; name = SetCard.h; path = Model/SetCard.h; sourceTree = "<group>"; };
		A31D3F38174650BB00FC398B /* SetCard.m */ = {isa = PBXFileReference; fileEncoding = 4; lastKnownFileType = sourcecode.c.objc; name = SetCard.m; path = Model/SetCard.m; sourceTree = "<group>"; };
		A31D3F3A1746673A00FC398B /* PlayingCardViewController.h */ = {isa = PBXFileReference; fileEncoding = 4; lastKnownFileType = sourcecode.c.h; path = PlayingCardViewController.h; sourceTree = "<group>"; };
		A31D3F3B1746673A00FC398B /* PlayingCardViewController.m */ = {isa = PBXFileReference; fileEncoding = 4; lastKnownFileType = sourcecode.c.objc; path = PlayingCardViewController.m; sourceTree = "<group>"; };
		A327E6B6174C982000036294 /* SetCardCollectionViewCell.h */ = {isa = PBXFileReference; fileEncoding = 4; lastKnownFileType = sourcecode.c.h; path = SetCardCollectionViewCell.h; sourceTree = "<group>"; };
		A327E6B7174C982000036294 /* SetCardCollectionViewCell.m */ = {isa = PBXFileReference; fileEncoding = 4; lastKnownFileType = sourcecode.c.objc; path = SetCardCollectionViewCell.m; sourceTree = "<group>"; };
		A371347D1747753500FCC1A8 /* GameResult.h */ = {isa = PBXFileReference; fileEncoding = 4; lastKnownFileType = sourcecode.c.h; name = GameResult.h; path = Model/GameResult.h; sourceTree = "<group>"; };
		A371347E1747753500FCC1A8 /* GameResult.m */ = {isa = PBXFileReference; fileEncoding = 4; lastKnownFileType = sourcecode.c.objc; name = GameResult.m; path = Model/GameResult.m; sourceTree = "<group>"; };
		A3713480174963F300FCC1A8 /* square_30x30.png */ = {isa = PBXFileReference; lastKnownFileType = image.png; path = square_30x30.png; sourceTree = "<group>"; };
		A37134821749640000FCC1A8 /* spade_30x30.png */ = {isa = PBXFileReference; lastKnownFileType = image.png; path = spade_30x30.png; sourceTree = "<group>"; };
		A37134841749676600FCC1A8 /* PlayingCardView.h */ = {isa = PBXFileReference; fileEncoding = 4; lastKnownFileType = sourcecode.c.h; path = PlayingCardView.h; sourceTree = "<group>"; };
		A37134851749676600FCC1A8 /* PlayingCardView.m */ = {isa = PBXFileReference; fileEncoding = 4; lastKnownFileType = sourcecode.c.objc; path = PlayingCardView.m; sourceTree = "<group>"; };
		A37134861749676600FCC1A8 /* cardback.png */ = {isa = PBXFileReference; lastKnownFileType = image.png; path = cardback.png; sourceTree = "<group>"; };
		A371348A174967E800FCC1A8 /* J♠.jpg */ = {isa = PBXFileReference; lastKnownFileType = image.jpeg; path = "J♠.jpg"; sourceTree = "<group>"; };
		A371348B174967E800FCC1A8 /* J♠@2x.jpg */ = {isa = PBXFileReference; lastKnownFileType = image.jpeg; path = "J♠@2x.jpg"; sourceTree = "<group>"; };
		A371348C174967E800FCC1A8 /* J♣.jpg */ = {isa = PBXFileReference; lastKnownFileType = image.jpeg; path = "J♣.jpg"; sourceTree = "<group>"; };
		A371348D174967E800FCC1A8 /* J♣@2x.jpg */ = {isa = PBXFileReference; lastKnownFileType = image.jpeg; path = "J♣@2x.jpg"; sourceTree = "<group>"; };
		A371348E174967E800FCC1A8 /* J♥.jpg */ = {isa = PBXFileReference; lastKnownFileType = image.jpeg; path = "J♥.jpg"; sourceTree = "<group>"; };
		A371348F174967E800FCC1A8 /* J♥@2x.jpg */ = {isa = PBXFileReference; lastKnownFileType = image.jpeg; path = "J♥@2x.jpg"; sourceTree = "<group>"; };
		A3713490174967E800FCC1A8 /* J♦.jpg */ = {isa = PBXFileReference; lastKnownFileType = image.jpeg; path = "J♦.jpg"; sourceTree = "<group>"; };
		A3713491174967E800FCC1A8 /* J♦@2x.jpg */ = {isa = PBXFileReference; lastKnownFileType = image.jpeg; path = "J♦@2x.jpg"; sourceTree = "<group>"; };
		A3713492174967E800FCC1A8 /* K♠.jpg */ = {isa = PBXFileReference; lastKnownFileType = image.jpeg; path = "K♠.jpg"; sourceTree = "<group>"; };
		A3713493174967E800FCC1A8 /* K♠@2x.jpg */ = {isa = PBXFileReference; lastKnownFileType = image.jpeg; path = "K♠@2x.jpg"; sourceTree = "<group>"; };
		A3713494174967E800FCC1A8 /* K♣.jpg */ = {isa = PBXFileReference; lastKnownFileType = image.jpeg; path = "K♣.jpg"; sourceTree = "<group>"; };
		A3713495174967E800FCC1A8 /* K♣@2x.jpg */ = {isa = PBXFileReference; lastKnownFileType = image.jpeg; path = "K♣@2x.jpg"; sourceTree = "<group>"; };
		A3713496174967E800FCC1A8 /* K♥.jpg */ = {isa = PBXFileReference; lastKnownFileType = image.jpeg; path = "K♥.jpg"; sourceTree = "<group>"; };
		A3713497174967E800FCC1A8 /* K♥@2x.jpg */ = {isa = PBXFileReference; lastKnownFileType = image.jpeg; path = "K♥@2x.jpg"; sourceTree = "<group>"; };
		A3713498174967E800FCC1A8 /* K♦.jpg */ = {isa = PBXFileReference; lastKnownFileType = image.jpeg; path = "K♦.jpg"; sourceTree = "<group>"; };
		A3713499174967E800FCC1A8 /* K♦@2x.jpg */ = {isa = PBXFileReference; lastKnownFileType = image.jpeg; path = "K♦@2x.jpg"; sourceTree = "<group>"; };
		A371349A174967E800FCC1A8 /* Q♠.jpg */ = {isa = PBXFileReference; lastKnownFileType = image.jpeg; path = "Q♠.jpg"; sourceTree = "<group>"; };
		A371349B174967E800FCC1A8 /* Q♠@2x.jpg */ = {isa = PBXFileReference; lastKnownFileType = image.jpeg; path = "Q♠@2x.jpg"; sourceTree = "<group>"; };
		A371349C174967E800FCC1A8 /* Q♣.jpg */ = {isa = PBXFileReference; lastKnownFileType = image.jpeg; path = "Q♣.jpg"; sourceTree = "<group>"; };
		A371349D174967E800FCC1A8 /* Q♣@2x.jpg */ = {isa = PBXFileReference; lastKnownFileType = image.jpeg; path = "Q♣@2x.jpg"; sourceTree = "<group>"; };
		A371349E174967E800FCC1A8 /* Q♥.jpg */ = {isa = PBXFileReference; lastKnownFileType = image.jpeg; path = "Q♥.jpg"; sourceTree = "<group>"; };
		A371349F174967E800FCC1A8 /* Q♥@2x.jpg */ = {isa = PBXFileReference; lastKnownFileType = image.jpeg; path = "Q♥@2x.jpg"; sourceTree = "<group>"; };
		A37134A0174967E800FCC1A8 /* Q♦.jpg */ = {isa = PBXFileReference; lastKnownFileType = image.jpeg; path = "Q♦.jpg"; sourceTree = "<group>"; };
		A37134A1174967E800FCC1A8 /* Q♦@2x.jpg */ = {isa = PBXFileReference; lastKnownFileType = image.jpeg; path = "Q♦@2x.jpg"; sourceTree = "<group>"; };
		A37134BA174B41E800FCC1A8 /* PlayingCardCollectionViewCell.h */ = {isa = PBXFileReference; fileEncoding = 4; lastKnownFileType = sourcecode.c.h; path = PlayingCardCollectionViewCell.h; sourceTree = "<group>"; };
		A37134BB174B41E800FCC1A8 /* PlayingCardCollectionViewCell.m */ = {isa = PBXFileReference; fileEncoding = 4; lastKnownFileType = sourcecode.c.objc; path = PlayingCardCollectionViewCell.m; sourceTree = "<group>"; };
		A39D40921742985200322648 /* SetDeck.h */ = {isa = PBXFileReference; fileEncoding = 4; lastKnownFileType = sourcecode.c.h; name = SetDeck.h; path = Model/SetDeck.h; sourceTree = "<group>"; };
		A39D40931742985200322648 /* SetDeck.m */ = {isa = PBXFileReference; fileEncoding = 4; lastKnownFileType = sourcecode.c.objc; name = SetDeck.m; path = Model/SetDeck.m; sourceTree = "<group>"; };
		A39D40951742A30900322648 /* SetGameViewController.h */ = {isa = PBXFileReference; fileEncoding = 4; lastKnownFileType = sourcecode.c.h; path = SetGameViewController.h; sourceTree = "<group>"; };
		A39D40961742A30900322648 /* SetGameViewController.m */ = {isa = PBXFileReference; fileEncoding = 4; lastKnownFileType = sourcecode.c.objc; path = SetGameViewController.m; sourceTree = "<group>"; };
		A3AD7A551737A97A0001D3F7 /* CardMatchingGame.h */ = {isa = PBXFileReference; fileEncoding = 4; lastKnownFileType = sourcecode.c.h; name = CardMatchingGame.h; path = Model/CardMatchingGame.h; sourceTree = "<group>"; };
		A3AD7A561737A97A0001D3F7 /* CardMatchingGame.m */ = {isa = PBXFileReference; fileEncoding = 4; lastKnownFileType = sourcecode.c.objc; name = CardMatchingGame.m; path = Model/CardMatchingGame.m; sourceTree = "<group>"; };
		A3AEA44E1731637F00D2FA58 /* Deck.h */ = {isa = PBXFileReference; fileEncoding = 4; lastKnownFileType = sourcecode.c.h; name = Deck.h; path = Model/Deck.h; sourceTree = "<group>"; };
		A3AEA44F1731637F00D2FA58 /* Deck.m */ = {isa = PBXFileReference; fileEncoding = 4; lastKnownFileType = sourcecode.c.objc; name = Deck.m; path = Model/Deck.m; sourceTree = "<group>"; };
		A3AEA4501731637F00D2FA58 /* PlayingCard.h */ = {isa = PBXFileReference; fileEncoding = 4; lastKnownFileType = sourcecode.c.h; name = PlayingCard.h; path = Model/PlayingCard.h; sourceTree = "<group>"; };
		A3AEA4511731637F00D2FA58 /* PlayingCard.m */ = {isa = PBXFileReference; fileEncoding = 4; lastKnownFileType = sourcecode.c.objc; name = PlayingCard.m; path = Model/PlayingCard.m; sourceTree = "<group>"; };
		A3BF0558173D106900116506 /* bag.gif */ = {isa = PBXFileReference; lastKnownFileType = image.gif; path = bag.gif; sourceTree = "<group>"; };
		A3DBAFDE173110D100CCBBFB /* Matchismo.app */ = {isa = PBXFileReference; explicitFileType = wrapper.application; includeInIndex = 0; path = Matchismo.app; sourceTree = BUILT_PRODUCTS_DIR; };
		A3DBAFE1173110D100CCBBFB /* UIKit.framework */ = {isa = PBXFileReference; lastKnownFileType = wrapper.framework; name = UIKit.framework; path = System/Library/Frameworks/UIKit.framework; sourceTree = SDKROOT; };
		A3DBAFE3173110D100CCBBFB /* Foundation.framework */ = {isa = PBXFileReference; lastKnownFileType = wrapper.framework; name = Foundation.framework; path = System/Library/Frameworks/Foundation.framework; sourceTree = SDKROOT; };
		A3DBAFE5173110D100CCBBFB /* CoreGraphics.framework */ = {isa = PBXFileReference; lastKnownFileType = wrapper.framework; name = CoreGraphics.framework; path = System/Library/Frameworks/CoreGraphics.framework; sourceTree = SDKROOT; };
		A3DBAFE9173110D100CCBBFB /* Matchismo-Info.plist */ = {isa = PBXFileReference; lastKnownFileType = text.plist.xml; path = "Matchismo-Info.plist"; sourceTree = "<group>"; };
		A3DBAFEB173110D100CCBBFB /* en */ = {isa = PBXFileReference; lastKnownFileType = text.plist.strings; name = en; path = en.lproj/InfoPlist.strings; sourceTree = "<group>"; };
		A3DBAFED173110D100CCBBFB /* main.m */ = {isa = PBXFileReference; lastKnownFileType = sourcecode.c.objc; path = main.m; sourceTree = "<group>"; };
		A3DBAFEF173110D100CCBBFB /* Matchismo-Prefix.pch */ = {isa = PBXFileReference; lastKnownFileType = sourcecode.c.h; path = "Matchismo-Prefix.pch"; sourceTree = "<group>"; };
		A3DBAFF0173110D100CCBBFB /* CardGameAppDelegate.h */ = {isa = PBXFileReference; lastKnownFileType = sourcecode.c.h; path = CardGameAppDelegate.h; sourceTree = "<group>"; };
		A3DBAFF1173110D100CCBBFB /* CardGameAppDelegate.m */ = {isa = PBXFileReference; lastKnownFileType = sourcecode.c.objc; path = CardGameAppDelegate.m; sourceTree = "<group>"; };
		A3DBAFF3173110D100CCBBFB /* Default.png */ = {isa = PBXFileReference; lastKnownFileType = image.png; path = Default.png; sourceTree = "<group>"; };
		A3DBAFF5173110D100CCBBFB /* Default@2x.png */ = {isa = PBXFileReference; lastKnownFileType = image.png; path = "Default@2x.png"; sourceTree = "<group>"; };
		A3DBAFF7173110D100CCBBFB /* Default-568h@2x.png */ = {isa = PBXFileReference; lastKnownFileType = image.png; path = "Default-568h@2x.png"; sourceTree = "<group>"; };
		A3DBAFFA173110D100CCBBFB /* en */ = {isa = PBXFileReference; lastKnownFileType = file.storyboard; name = en; path = en.lproj/MainStoryboard.storyboard; sourceTree = "<group>"; };
		A3DBAFFC173110D100CCBBFB /* CardGameViewController.h */ = {isa = PBXFileReference; lastKnownFileType = sourcecode.c.h; path = CardGameViewController.h; sourceTree = "<group>"; };
		A3DBAFFD173110D100CCBBFB /* CardGameViewController.m */ = {isa = PBXFileReference; lastKnownFileType = sourcecode.c.objc; path = CardGameViewController.m; sourceTree = "<group>"; };
		A3DBB004173133E900CCBBFB /* Card.h */ = {isa = PBXFileReference; fileEncoding = 4; lastKnownFileType = sourcecode.c.h; name = Card.h; path = Model/Card.h; sourceTree = "<group>"; };
		A3DBB005173133E900CCBBFB /* Card.m */ = {isa = PBXFileReference; fileEncoding = 4; lastKnownFileType = sourcecode.c.objc; name = Card.m; path = Model/Card.m; sourceTree = "<group>"; };
		A3DBB0141731454D00CCBBFB /* PlayingCardDeck.h */ = {isa = PBXFileReference; fileEncoding = 4; lastKnownFileType = sourcecode.c.h; name = PlayingCardDeck.h; path = Model/PlayingCardDeck.h; sourceTree = "<group>"; };
		A3DBB0151731454D00CCBBFB /* PlayingCardDeck.m */ = {isa = PBXFileReference; fileEncoding = 4; lastKnownFileType = sourcecode.c.objc; name = PlayingCardDeck.m; path = Model/PlayingCardDeck.m; sourceTree = "<group>"; };
/* End PBXFileReference section */

/* Begin PBXFrameworksBuildPhase section */
		A3DBAFDB173110D100CCBBFB /* Frameworks */ = {
			isa = PBXFrameworksBuildPhase;
			buildActionMask = 2147483647;
			files = (
				A3DBAFE2173110D100CCBBFB /* UIKit.framework in Frameworks */,
				A3DBAFE4173110D100CCBBFB /* Foundation.framework in Frameworks */,
				A3DBAFE6173110D100CCBBFB /* CoreGraphics.framework in Frameworks */,
			);
			runOnlyForDeploymentPostprocessing = 0;
		};
/* End PBXFrameworksBuildPhase section */

/* Begin PBXGroup section */
		A3713489174967E800FCC1A8 /* Face Card Images */ = {
			isa = PBXGroup;
			children = (
				A371348A174967E800FCC1A8 /* J♠.jpg */,
				A371348B174967E800FCC1A8 /* J♠@2x.jpg */,
				A371348C174967E800FCC1A8 /* J♣.jpg */,
				A371348D174967E800FCC1A8 /* J♣@2x.jpg */,
				A371348E174967E800FCC1A8 /* J♥.jpg */,
				A371348F174967E800FCC1A8 /* J♥@2x.jpg */,
				A3713490174967E800FCC1A8 /* J♦.jpg */,
				A3713491174967E800FCC1A8 /* J♦@2x.jpg */,
				A3713492174967E800FCC1A8 /* K♠.jpg */,
				A3713493174967E800FCC1A8 /* K♠@2x.jpg */,
				A3713494174967E800FCC1A8 /* K♣.jpg */,
				A3713495174967E800FCC1A8 /* K♣@2x.jpg */,
				A3713496174967E800FCC1A8 /* K♥.jpg */,
				A3713497174967E800FCC1A8 /* K♥@2x.jpg */,
				A3713498174967E800FCC1A8 /* K♦.jpg */,
				A3713499174967E800FCC1A8 /* K♦@2x.jpg */,
				A371349A174967E800FCC1A8 /* Q♠.jpg */,
				A371349B174967E800FCC1A8 /* Q♠@2x.jpg */,
				A371349C174967E800FCC1A8 /* Q♣.jpg */,
				A371349D174967E800FCC1A8 /* Q♣@2x.jpg */,
				A371349E174967E800FCC1A8 /* Q♥.jpg */,
				A371349F174967E800FCC1A8 /* Q♥@2x.jpg */,
				A37134A0174967E800FCC1A8 /* Q♦.jpg */,
				A37134A1174967E800FCC1A8 /* Q♦@2x.jpg */,
			);
			path = "Face Card Images";
			sourceTree = "<group>";
		};
		A3DBAFD5173110D100CCBBFB = {
			isa = PBXGroup;
			children = (
				A3DBAFE7173110D100CCBBFB /* Matchismo */,
				A3DBAFE0173110D100CCBBFB /* Frameworks */,
				A3DBAFDF173110D100CCBBFB /* Products */,
			);
			sourceTree = "<group>";
		};
		A3DBAFDF173110D100CCBBFB /* Products */ = {
			isa = PBXGroup;
			children = (
				A3DBAFDE173110D100CCBBFB /* Matchismo.app */,
			);
			name = Products;
			sourceTree = "<group>";
		};
		A3DBAFE0173110D100CCBBFB /* Frameworks */ = {
			isa = PBXGroup;
			children = (
				A3DBAFE1173110D100CCBBFB /* UIKit.framework */,
				A3DBAFE3173110D100CCBBFB /* Foundation.framework */,
				A3DBAFE5173110D100CCBBFB /* CoreGraphics.framework */,
			);
			name = Frameworks;
			sourceTree = "<group>";
		};
		A3DBAFE7173110D100CCBBFB /* Matchismo */ = {
			isa = PBXGroup;
			children = (
				A3DBAFF9173110D100CCBBFB /* MainStoryboard.storyboard */,
				A3DBB0071731340000CCBBFB /* Model */,
				A3DBAFFC173110D100CCBBFB /* CardGameViewController.h */,
				A3DBAFFD173110D100CCBBFB /* CardGameViewController.m */,
				A31D3F3A1746673A00FC398B /* PlayingCardViewController.h */,
				A31D3F3B1746673A00FC398B /* PlayingCardViewController.m */,
				A37134841749676600FCC1A8 /* PlayingCardView.h */,
				A37134851749676600FCC1A8 /* PlayingCardView.m */,
				A37134BA174B41E800FCC1A8 /* PlayingCardCollectionViewCell.h */,
				A37134BB174B41E800FCC1A8 /* PlayingCardCollectionViewCell.m */,
				A39D40951742A30900322648 /* SetGameViewController.h */,
				A39D40961742A30900322648 /* SetGameViewController.m */,
				A327E6B6174C982000036294 /* SetCardCollectionViewCell.h */,
				A327E6B7174C982000036294 /* SetCardCollectionViewCell.m */,
				A3DBAFE8173110D100CCBBFB /* Supporting Files */,
			);
			path = Matchismo;
			sourceTree = "<group>";
		};
		A3DBAFE8173110D100CCBBFB /* Supporting Files */ = {
			isa = PBXGroup;
			children = (
				A3713489174967E800FCC1A8 /* Face Card Images */,
				A37134861749676600FCC1A8 /* cardback.png */,
				A37134821749640000FCC1A8 /* spade_30x30.png */,
				A3713480174963F300FCC1A8 /* square_30x30.png */,
				A3DBAFF0173110D100CCBBFB /* CardGameAppDelegate.h */,
				A3DBAFF1173110D100CCBBFB /* CardGameAppDelegate.m */,
				A3DBAFE9173110D100CCBBFB /* Matchismo-Info.plist */,
				A3DBAFEA173110D100CCBBFB /* InfoPlist.strings */,
				A3DBAFED173110D100CCBBFB /* main.m */,
				A3DBAFEF173110D100CCBBFB /* Matchismo-Prefix.pch */,
				A3DBAFF3173110D100CCBBFB /* Default.png */,
				A3DBAFF5173110D100CCBBFB /* Default@2x.png */,
				A3DBAFF7173110D100CCBBFB /* Default-568h@2x.png */,
				A3BF0558173D106900116506 /* bag.gif */,
			);
			name = "Supporting Files";
			sourceTree = "<group>";
		};
		A3DBB0071731340000CCBBFB /* Model */ = {
			isa = PBXGroup;
			children = (
				A31D3F37174650BB00FC398B /* SetCard.h */,
				A31D3F38174650BB00FC398B /* SetCard.m */,
				A3AD7A551737A97A0001D3F7 /* CardMatchingGame.h */,
				A3AD7A561737A97A0001D3F7 /* CardMatchingGame.m */,
				A3AEA44E1731637F00D2FA58 /* Deck.h */,
				A3AEA44F1731637F00D2FA58 /* Deck.m */,
				A3AEA4501731637F00D2FA58 /* PlayingCard.h */,
				A3AEA4511731637F00D2FA58 /* PlayingCard.m */,
				A3DBB004173133E900CCBBFB /* Card.h */,
				A3DBB005173133E900CCBBFB /* Card.m */,
				A3DBB0141731454D00CCBBFB /* PlayingCardDeck.h */,
				A3DBB0151731454D00CCBBFB /* PlayingCardDeck.m */,
				A39D40921742985200322648 /* SetDeck.h */,
				A39D40931742985200322648 /* SetDeck.m */,
				A371347D1747753500FCC1A8 /* GameResult.h */,
				A371347E1747753500FCC1A8 /* GameResult.m */,
			);
			name = Model;
			sourceTree = "<group>";
		};
/* End PBXGroup section */

/* Begin PBXNativeTarget section */
		A3DBAFDD173110D100CCBBFB /* Matchismo */ = {
			isa = PBXNativeTarget;
			buildConfigurationList = A3DBB001173110D100CCBBFB /* Build configuration list for PBXNativeTarget "Matchismo" */;
			buildPhases = (
				A3DBAFDA173110D100CCBBFB /* Sources */,
				A3DBAFDB173110D100CCBBFB /* Frameworks */,
				A3DBAFDC173110D100CCBBFB /* Resources */,
			);
			buildRules = (
			);
			dependencies = (
			);
			name = Matchismo;
			productName = Matchismo;
			productReference = A3DBAFDE173110D100CCBBFB /* Matchismo.app */;
			productType = "com.apple.product-type.application";
		};
/* End PBXNativeTarget section */

/* Begin PBXProject section */
		A3DBAFD6173110D100CCBBFB /* Project object */ = {
			isa = PBXProject;
			attributes = {
				CLASSPREFIX = CardGame;
				LastUpgradeCheck = 0460;
				ORGANIZATIONNAME = cn;
			};
			buildConfigurationList = A3DBAFD9173110D100CCBBFB /* Build configuration list for PBXProject "Matchismo" */;
			compatibilityVersion = "Xcode 3.2";
			developmentRegion = English;
			hasScannedForEncodings = 0;
			knownRegions = (
				en,
			);
			mainGroup = A3DBAFD5173110D100CCBBFB;
			productRefGroup = A3DBAFDF173110D100CCBBFB /* Products */;
			projectDirPath = "";
			projectRoot = "";
			targets = (
				A3DBAFDD173110D100CCBBFB /* Matchismo */,
			);
		};
/* End PBXProject section */

/* Begin PBXResourcesBuildPhase section */
		A3DBAFDC173110D100CCBBFB /* Resources */ = {
			isa = PBXResourcesBuildPhase;
			buildActionMask = 2147483647;
			files = (
				A3DBAFEC173110D100CCBBFB /* InfoPlist.strings in Resources */,
				A3DBAFF4173110D100CCBBFB /* Default.png in Resources */,
				A3DBAFF6173110D100CCBBFB /* Default@2x.png in Resources */,
				A3DBAFF8173110D100CCBBFB /* Default-568h@2x.png in Resources */,
				A3DBAFFB173110D100CCBBFB /* MainStoryboard.storyboard in Resources */,
				A3BF0559173D106900116506 /* bag.gif in Resources */,
				A3713481174963F300FCC1A8 /* square_30x30.png in Resources */,
				A37134831749640000FCC1A8 /* spade_30x30.png in Resources */,
				A37134881749676600FCC1A8 /* cardback.png in Resources */,
				A37134A2174967E800FCC1A8 /* J♠.jpg in Resources */,
				A37134A3174967E800FCC1A8 /* J♠@2x.jpg in Resources */,
				A37134A4174967E800FCC1A8 /* J♣.jpg in Resources */,
				A37134A5174967E800FCC1A8 /* J♣@2x.jpg in Resources */,
				A37134A6174967E800FCC1A8 /* J♥.jpg in Resources */,
				A37134A7174967E800FCC1A8 /* J♥@2x.jpg in Resources */,
				A37134A8174967E800FCC1A8 /* J♦.jpg in Resources */,
				A37134A9174967E800FCC1A8 /* J♦@2x.jpg in Resources */,
				A37134AA174967E800FCC1A8 /* K♠.jpg in Resources */,
				A37134AB174967E800FCC1A8 /* K♠@2x.jpg in Resources */,
				A37134AC174967E800FCC1A8 /* K♣.jpg in Resources */,
				A37134AD174967E800FCC1A8 /* K♣@2x.jpg in Resources */,
				A37134AE174967E800FCC1A8 /* K♥.jpg in Resources */,
				A37134AF174967E800FCC1A8 /* K♥@2x.jpg in Resources */,
				A37134B0174967E800FCC1A8 /* K♦.jpg in Resources */,
				A37134B1174967E800FCC1A8 /* K♦@2x.jpg in Resources */,
				A37134B2174967E800FCC1A8 /* Q♠.jpg in Resources */,
				A37134B3174967E800FCC1A8 /* Q♠@2x.jpg in Resources */,
				A37134B4174967E800FCC1A8 /* Q♣.jpg in Resources */,
				A37134B5174967E800FCC1A8 /* Q♣@2x.jpg in Resources */,
				A37134B6174967E800FCC1A8 /* Q♥.jpg in Resources */,
				A37134B7174967E800FCC1A8 /* Q♥@2x.jpg in Resources */,
				A37134B8174967E800FCC1A8 /* Q♦.jpg in Resources */,
				A37134B9174967E800FCC1A8 /* Q♦@2x.jpg in Resources */,
			);
			runOnlyForDeploymentPostprocessing = 0;
		};
/* End PBXResourcesBuildPhase section */

/* Begin PBXSourcesBuildPhase section */
		A3DBAFDA173110D100CCBBFB /* Sources */ = {
			isa = PBXSourcesBuildPhase;
			buildActionMask = 2147483647;
			files = (
				A3DBAFEE173110D100CCBBFB /* main.m in Sources */,
				A3DBAFF2173110D100CCBBFB /* CardGameAppDelegate.m in Sources */,
				A3DBAFFE173110D100CCBBFB /* CardGameViewController.m in Sources */,
				A3DBB006173133E900CCBBFB /* Card.m in Sources */,
				A3DBB0161731454D00CCBBFB /* PlayingCardDeck.m in Sources */,
				A3AEA4521731637F00D2FA58 /* Deck.m in Sources */,
				A3AEA4531731637F00D2FA58 /* PlayingCard.m in Sources */,
				A3AD7A571737A97A0001D3F7 /* CardMatchingGame.m in Sources */,
				A39D40941742985200322648 /* SetDeck.m in Sources */,
				A39D40971742A30900322648 /* SetGameViewController.m in Sources */,
				A31D3F39174650BB00FC398B /* SetCard.m in Sources */,
				A31D3F3C1746673A00FC398B /* PlayingCardViewController.m in Sources */,
				A371347F1747753500FCC1A8 /* GameResult.m in Sources */,
				A37134871749676600FCC1A8 /* PlayingCardView.m in Sources */,
				A37134BC174B41E800FCC1A8 /* PlayingCardCollectionViewCell.m in Sources */,
				A327E6B8174C982000036294 /* SetCardCollectionViewCell.m in Sources */,
			);
			runOnlyForDeploymentPostprocessing = 0;
		};
/* End PBXSourcesBuildPhase section */

/* Begin PBXVariantGroup section */
		A3DBAFEA173110D100CCBBFB /* InfoPlist.strings */ = {
			isa = PBXVariantGroup;
			children = (
				A3DBAFEB173110D100CCBBFB /* en */,
			);
			name = InfoPlist.strings;
			sourceTree = "<group>";
		};
		A3DBAFF9173110D100CCBBFB /* MainStoryboard.storyboard */ = {
			isa = PBXVariantGroup;
			children = (
				A3DBAFFA173110D100CCBBFB /* en */,
			);
			name = MainStoryboard.storyboard;
			sourceTree = "<group>";
		};
/* End PBXVariantGroup section */

/* Begin XCBuildConfiguration section */
		A3DBAFFF173110D100CCBBFB /* Debug */ = {
			isa = XCBuildConfiguration;
			buildSettings = {
				ALWAYS_SEARCH_USER_PATHS = NO;
				CLANG_CXX_LANGUAGE_STANDARD = "gnu++0x";
				CLANG_CXX_LIBRARY = "libc++";
				CLANG_ENABLE_OBJC_ARC = YES;
				CLANG_WARN_CONSTANT_CONVERSION = YES;
				CLANG_WARN_EMPTY_BODY = YES;
				CLANG_WARN_ENUM_CONVERSION = YES;
				CLANG_WARN_INT_CONVERSION = YES;
				CLANG_WARN__DUPLICATE_METHOD_MATCH = YES;
				"CODE_SIGN_IDENTITY[sdk=iphoneos*]" = "iPhone Developer";
				COPY_PHASE_STRIP = NO;
				GCC_C_LANGUAGE_STANDARD = gnu99;
				GCC_DYNAMIC_NO_PIC = NO;
				GCC_OPTIMIZATION_LEVEL = 0;
				GCC_PREPROCESSOR_DEFINITIONS = (
					"DEBUG=1",
					"$(inherited)",
				);
				GCC_SYMBOLS_PRIVATE_EXTERN = NO;
				GCC_WARN_ABOUT_RETURN_TYPE = YES;
				GCC_WARN_UNINITIALIZED_AUTOS = YES;
				GCC_WARN_UNUSED_VARIABLE = YES;
				IPHONEOS_DEPLOYMENT_TARGET = 6.1;
				ONLY_ACTIVE_ARCH = YES;
				SDKROOT = iphoneos;
			};
			name = Debug;
		};
		A3DBB000173110D100CCBBFB /* Release */ = {
			isa = XCBuildConfiguration;
			buildSettings = {
				ALWAYS_SEARCH_USER_PATHS = NO;
				CLANG_CXX_LANGUAGE_STANDARD = "gnu++0x";
				CLANG_CXX_LIBRARY = "libc++";
				CLANG_ENABLE_OBJC_ARC = YES;
				CLANG_WARN_CONSTANT_CONVERSION = YES;
				CLANG_WARN_EMPTY_BODY = YES;
				CLANG_WARN_ENUM_CONVERSION = YES;
				CLANG_WARN_INT_CONVERSION = YES;
				CLANG_WARN__DUPLICATE_METHOD_MATCH = YES;
				"CODE_SIGN_IDENTITY[sdk=iphoneos*]" = "iPhone Developer";
				COPY_PHASE_STRIP = YES;
				GCC_C_LANGUAGE_STANDARD = gnu99;
				GCC_WARN_ABOUT_RETURN_TYPE = YES;
				GCC_WARN_UNINITIALIZED_AUTOS = YES;
				GCC_WARN_UNUSED_VARIABLE = YES;
				IPHONEOS_DEPLOYMENT_TARGET = 6.1;
				OTHER_CFLAGS = "-DNS_BLOCK_ASSERTIONS=1";
				SDKROOT = iphoneos;
				VALIDATE_PRODUCT = YES;
			};
			name = Release;
		};
		A3DBB002173110D100CCBBFB /* Debug */ = {
			isa = XCBuildConfiguration;
			buildSettings = {
				GCC_PRECOMPILE_PREFIX_HEADER = YES;
				GCC_PREFIX_HEADER = "Matchismo/Matchismo-Prefix.pch";
				INFOPLIST_FILE = "Matchismo/Matchismo-Info.plist";
				IPHONEOS_DEPLOYMENT_TARGET = 6.1;
				PRODUCT_NAME = "$(TARGET_NAME)";
				TARGETED_DEVICE_FAMILY = "1,2";
				WRAPPER_EXTENSION = app;
			};
			name = Debug;
		};
		A3DBB003173110D100CCBBFB /* Release */ = {
			isa = XCBuildConfiguration;
			buildSettings = {
				GCC_PRECOMPILE_PREFIX_HEADER = YES;
				GCC_PREFIX_HEADER = "Matchismo/Matchismo-Prefix.pch";
				INFOPLIST_FILE = "Matchismo/Matchismo-Info.plist";
				IPHONEOS_DEPLOYMENT_TARGET = 6.1;
				PRODUCT_NAME = "$(TARGET_NAME)";
				TARGETED_DEVICE_FAMILY = "1,2";
				WRAPPER_EXTENSION = app;
			};
			name = Release;
		};
/* End XCBuildConfiguration section */

/* Begin XCConfigurationList section */
		A3DBAFD9173110D100CCBBFB /* Build configuration list for PBXProject "Matchismo" */ = {
			isa = XCConfigurationList;
			buildConfigurations = (
				A3DBAFFF173110D100CCBBFB /* Debug */,
				A3DBB000173110D100CCBBFB /* Release */,
			);
			defaultConfigurationIsVisible = 0;
			defaultConfigurationName = Release;
		};
		A3DBB001173110D100CCBBFB /* Build configuration list for PBXNativeTarget "Matchismo" */ = {
			isa = XCConfigurationList;
			buildConfigurations = (
				A3DBB002173110D100CCBBFB /* Debug */,
				A3DBB003173110D100CCBBFB /* Release */,
			);
			defaultConfigurationIsVisible = 0;
			defaultConfigurationName = Release;
		};
/* End XCConfigurationList section */
	};
	rootObject = A3DBAFD6173110D100CCBBFB /* Project object */;
}
